
Microsoft Visual Studio Solution File, Format Version 12.00
# Visual Studio Version 16
VisualStudioVersion = 16.0.31424.327
MinimumVisualStudioVersion = 10.0.40219.1
Project("{9A19103F-16F7-4668-BE54-9A1E7A4F7556}") = "LAB5", "LAB5\LAB5.csproj", "{1ED830E0-2419-4B84-AC09-5D811CE6889F}"
EndProject
Project("{9A19103F-16F7-4668-BE54-9A1E7A4F7556}") = "LAB6", "LAB6\LAB6.csproj", "{09DAA32B-B4BA-49C0-BB74-B1D368BBF9C3}"
EndProject
Global
	GlobalSection(SolutionConfigurationPlatforms) = preSolution
		Debug|Any CPU = Debug|Any CPU
		Release|Any CPU = Release|Any CPU
	EndGlobalSection
	GlobalSection(ProjectConfigurationPlatforms) = postSolution
		{1ED830E0-2419-4B84-AC09-5D811CE6889F}.Debug|Any CPU.ActiveCfg = Debug|Any CPU
		{1ED830E0-2419-4B84-AC09-5D811CE6889F}.Debug|Any CPU.Build.0 = Debug|Any CPU
		{1ED830E0-2419-4B84-AC09-5D811CE6889F}.Release|Any CPU.ActiveCfg = Release|Any CPU
		{1ED830E0-2419-4B84-AC09-5D811CE6889F}.Release|Any CPU.Build.0 = Release|Any CPU
		{09DAA32B-B4BA-49C0-BB74-B1D368BBF9C3}.Debug|Any CPU.ActiveCfg = Debug|Any CPU
		{09DAA32B-B4BA-49C0-BB74-B1D368BBF9C3}.Debug|Any CPU.Build.0 = Debug|Any CPU
		{09DAA32B-B4BA-49C0-BB74-B1D368BBF9C3}.Release|Any CPU.ActiveCfg = Release|Any CPU
		{09DAA32B-B4BA-49C0-BB74-B1D368BBF9C3}.Release|Any CPU.Build.0 = Release|Any CPU
	EndGlobalSection
	GlobalSection(SolutionProperties) = preSolution
		HideSolutionNode = FALSE
	EndGlobalSection
	GlobalSection(ExtensibilityGlobals) = postSolution
		SolutionGuid = {33D9B1BE-7328-4504-9C4B-127ABBD10503}
	EndGlobalSection
EndGlobal
